
Microsoft Visual Studio Solution File, Format Version 12.00
# Visual Studio Version 17
VisualStudioVersion = 17.2.32616.157
MinimumVisualStudioVersion = 10.0.40219.1
Project("{FAE04EC0-301F-11D3-BF4B-00C04F79EFBC}") = "CadastrosCliente", "CadastrosCliente.csproj", "{DA81757F-E924-4EAE-89A2-068AB662008F}"
EndProject
Global
	GlobalSection(SolutionConfigurationPlatforms) = preSolution
		Debug|Any CPU = Debug|Any CPU
		Release|Any CPU = Release|Any CPU
	EndGlobalSection
	GlobalSection(ProjectConfigurationPlatforms) = postSolution
		{DA81757F-E924-4EAE-89A2-068AB662008F}.Debug|Any CPU.ActiveCfg = Debug|Any CPU
		{DA81757F-E924-4EAE-89A2-068AB662008F}.Debug|Any CPU.Build.0 = Debug|Any CPU
		{DA81757F-E924-4EAE-89A2-068AB662008F}.Release|Any CPU.ActiveCfg = Release|Any CPU
		{DA81757F-E924-4EAE-89A2-068AB662008F}.Release|Any CPU.Build.0 = Release|Any CPU
	EndGlobalSection
	GlobalSection(SolutionProperties) = preSolution
		HideSolutionNode = FALSE
	EndGlobalSection
	GlobalSection(ExtensibilityGlobals) = postSolution
		SolutionGuid = {84C2A205-EE84-484F-AD6E-1C8F2F7EB548}
	EndGlobalSection
EndGlobal
